<Solution>
  <Folder Name="/src/">
    <Project Path="src/GameShare.Admin/GameShare.Admin.csproj" />
    <Project Path="src/GameShare.Agent/GameShare.Agent.csproj" />
    <Project Path="src/GameShare.Client/GameShare.Client.csproj" />
    <Project Path="src/GameShare.AdminGui/GameShare.AdminGui.csproj" />
    <Project Path="src/GameShare.Core/GameShare.Core.csproj" />
    <Project Path="src/GameShare.Discovery/GameShare.Discovery.csproj" />
    <Project Path="src/GameShare.Protocol/GameShare.Protocol.csproj" />
    <Project Path="src/GameShare.Standalone/GameShare.Standalone.csproj" />
    <Project Path="src/GameShare.Storage/GameShare.Storage.csproj" />
    <Project Path="src/GameShare.Torrent/GameShare.Torrent.csproj" />
  </Folder>
  <Folder Name="/tests/">
    <Project Path="tests/GameShare.Agent.Tests/GameShare.Agent.Tests.csproj" />
    <Project Path="tests/GameShare.Client.Tests/GameShare.Client.Tests.csproj" />
    <Project Path="tests/GameShare.AdminGui.Tests/GameShare.AdminGui.Tests.csproj" />
    <Project Path="tests/GameShare.Core.Tests/GameShare.Core.Tests.csproj" />
    <Project Path="tests/GameShare.Discovery.Tests/GameShare.Discovery.Tests.csproj" />
    <Project Path="tests/GameShare.Storage.Tests/GameShare.Storage.Tests.csproj" />
    <Project Path="tests/GameShare.Torrent.Tests/GameShare.Torrent.Tests.csproj" />
  </Folder>
</Solution>
